
Microsoft Visual Studio Solution File, Format Version 11.00
# Visual Studio 2010
Project("{FAE04EC0-301F-11D3-BF4B-00C04F79EFBC}") = "StockScanner.DomainModel", "StockScanner.DomainModel\StockScanner.DomainModel.csproj", "{6F8BFE30-3007-445C-92B7-3741489C66AF}"
EndProject
Project("{FAE04EC0-301F-11D3-BF4B-00C04F79EFBC}") = "StockScanner.Commands", "StockScanner.Commands\StockScanner.Commands.csproj", "{53C1E626-F650-4ED5-A5A1-F72EF228ED1B}"
EndProject
Project("{FAE04EC0-301F-11D3-BF4B-00C04F79EFBC}") = "StockScanner.CommandHandlers", "StockScanner.CommandHandlers\StockScanner.CommandHandlers.csproj", "{022B37A8-4ABF-4EBB-96C5-169F6F86948E}"
EndProject
Project("{FAE04EC0-301F-11D3-BF4B-00C04F79EFBC}") = "StockScanner.Dispatchers", "StockScanner.Dispatchers\StockScanner.Dispatchers.csproj", "{1FE33F61-0D74-4907-8D46-E686B2643AC8}"
EndProject
Project("{FAE04EC0-301F-11D3-BF4B-00C04F79EFBC}") = "StockScanner.DomainRepositories", "StockScanner.DomainRepositories\StockScanner.DomainRepositories.csproj", "{A45B98AA-5706-4721-B6B1-CC5964EAA8E9}"
EndProject
Project("{FAE04EC0-301F-11D3-BF4B-00C04F79EFBC}") = "StockScanner.Interfaces", "StockScanner.Interfaces\StockScanner.Interfaces.csproj", "{47C39BDE-3E1A-40BB-B0FC-441DB73BDB03}"
EndProject
Project("{FAE04EC0-301F-11D3-BF4B-00C04F79EFBC}") = "StockScanner.Store", "StockScanner.Store\StockScanner.Store.csproj", "{DA42C3ED-D2F3-4D52-8E09-DE6D7EA85FF3}"
EndProject
Project("{FAE04EC0-301F-11D3-BF4B-00C04F79EFBC}") = "StockScanner.App", "StockScanner.App\StockScanner.App.csproj", "{53EEE9EA-656A-4611-9258-31927A48E180}"
EndProject
Project("{FAE04EC0-301F-11D3-BF4B-00C04F79EFBC}") = "StockScanner.Website", "StockScanner.Website\StockScanner.Website.csproj", "{556A23FF-FB35-4FCE-9CFC-DB621F38FAA1}"
EndProject
Global
	GlobalSection(SolutionConfigurationPlatforms) = preSolution
		Debug|Any CPU = Debug|Any CPU
		Debug|Mixed Platforms = Debug|Mixed Platforms
		Debug|x86 = Debug|x86
		Gurgle|Any CPU = Gurgle|Any CPU
		Gurgle|Mixed Platforms = Gurgle|Mixed Platforms
		Gurgle|x86 = Gurgle|x86
		Home|Any CPU = Home|Any CPU
		Home|Mixed Platforms = Home|Mixed Platforms
		Home|x86 = Home|x86
		Notebook|Any CPU = Notebook|Any CPU
		Notebook|Mixed Platforms = Notebook|Mixed Platforms
		Notebook|x86 = Notebook|x86
		Release|Any CPU = Release|Any CPU
		Release|Mixed Platforms = Release|Mixed Platforms
		Release|x86 = Release|x86
	EndGlobalSection
	GlobalSection(ProjectConfigurationPlatforms) = postSolution
		{6F8BFE30-3007-445C-92B7-3741489C66AF}.Debug|Any CPU.ActiveCfg = Debug|Any CPU
		{6F8BFE30-3007-445C-92B7-3741489C66AF}.Debug|Any CPU.Build.0 = Debug|Any CPU
		{6F8BFE30-3007-445C-92B7-3741489C66AF}.Debug|Mixed Platforms.ActiveCfg = Debug|Any CPU
		{6F8BFE30-3007-445C-92B7-3741489C66AF}.Debug|Mixed Platforms.Build.0 = Debug|Any CPU
		{6F8BFE30-3007-445C-92B7-3741489C66AF}.Debug|x86.ActiveCfg = Debug|Any CPU
		{6F8BFE30-3007-445C-92B7-3741489C66AF}.Gurgle|Any CPU.ActiveCfg = Release|Any CPU
		{6F8BFE30-3007-445C-92B7-3741489C66AF}.Gurgle|Any CPU.Build.0 = Release|Any CPU
		{6F8BFE30-3007-445C-92B7-3741489C66AF}.Gurgle|Mixed Platforms.ActiveCfg = Release|Any CPU
		{6F8BFE30-3007-445C-92B7-3741489C66AF}.Gurgle|Mixed Platforms.Build.0 = Release|Any CPU
		{6F8BFE30-3007-445C-92B7-3741489C66AF}.Gurgle|x86.ActiveCfg = Release|Any CPU
		{6F8BFE30-3007-445C-92B7-3741489C66AF}.Home|Any CPU.ActiveCfg = Release|Any CPU
		{6F8BFE30-3007-445C-92B7-3741489C66AF}.Home|Any CPU.Build.0 = Release|Any CPU
		{6F8BFE30-3007-445C-92B7-3741489C66AF}.Home|Mixed Platforms.ActiveCfg = Release|Any CPU
		{6F8BFE30-3007-445C-92B7-3741489C66AF}.Home|Mixed Platforms.Build.0 = Release|Any CPU
		{6F8BFE30-3007-445C-92B7-3741489C66AF}.Home|x86.ActiveCfg = Release|Any CPU
		{6F8BFE30-3007-445C-92B7-3741489C66AF}.Notebook|Any CPU.ActiveCfg = Release|Any CPU
		{6F8BFE30-3007-445C-92B7-3741489C66AF}.Notebook|Any CPU.Build.0 = Release|Any CPU
		{6F8BFE30-3007-445C-92B7-3741489C66AF}.Notebook|Mixed Platforms.ActiveCfg = Release|Any CPU
		{6F8BFE30-3007-445C-92B7-3741489C66AF}.Notebook|Mixed Platforms.Build.0 = Release|Any CPU
		{6F8BFE30-3007-445C-92B7-3741489C66AF}.Notebook|x86.ActiveCfg = Release|Any CPU
		{6F8BFE30-3007-445C-92B7-3741489C66AF}.Release|Any CPU.ActiveCfg = Release|Any CPU
		{6F8BFE30-3007-445C-92B7-3741489C66AF}.Release|Any CPU.Build.0 = Release|Any CPU
		{6F8BFE30-3007-445C-92B7-3741489C66AF}.Release|Mixed Platforms.ActiveCfg = Release|Any CPU
		{6F8BFE30-3007-445C-92B7-3741489C66AF}.Release|Mixed Platforms.Build.0 = Release|Any CPU
		{6F8BFE30-3007-445C-92B7-3741489C66AF}.Release|x86.ActiveCfg = Release|Any CPU
		{53C1E626-F650-4ED5-A5A1-F72EF228ED1B}.Debug|Any CPU.ActiveCfg = Debug|Any CPU
		{53C1E626-F650-4ED5-A5A1-F72EF228ED1B}.Debug|Any CPU.Build.0 = Debug|Any CPU
		{53C1E626-F650-4ED5-A5A1-F72EF228ED1B}.Debug|Mixed Platforms.ActiveCfg = Debug|Any CPU
		{53C1E626-F650-4ED5-A5A1-F72EF228ED1B}.Debug|Mixed Platforms.Build.0 = Debug|Any CPU
		{53C1E626-F650-4ED5-A5A1-F72EF228ED1B}.Debug|x86.ActiveCfg = Debug|Any CPU
		{53C1E626-F650-4ED5-A5A1-F72EF228ED1B}.Gurgle|Any CPU.ActiveCfg = Release|Any CPU
		{53C1E626-F650-4ED5-A5A1-F72EF228ED1B}.Gurgle|Any CPU.Build.0 = Release|Any CPU
		{53C1E626-F650-4ED5-A5A1-F72EF228ED1B}.Gurgle|Mixed Platforms.ActiveCfg = Release|Any CPU
		{53C1E626-F650-4ED5-A5A1-F72EF228ED1B}.Gurgle|Mixed Platforms.Build.0 = Release|Any CPU
		{53C1E626-F650-4ED5-A5A1-F72EF228ED1B}.Gurgle|x86.ActiveCfg = Release|Any CPU
		{53C1E626-F650-4ED5-A5A1-F72EF228ED1B}.Home|Any CPU.ActiveCfg = Release|Any CPU
		{53C1E626-F650-4ED5-A5A1-F72EF228ED1B}.Home|Any CPU.Build.0 = Release|Any CPU
		{53C1E626-F650-4ED5-A5A1-F72EF228ED1B}.Home|Mixed Platforms.ActiveCfg = Release|Any CPU
		{53C1E626-F650-4ED5-A5A1-F72EF228ED1B}.Home|Mixed Platforms.Build.0 = Release|Any CPU
		{53C1E626-F650-4ED5-A5A1-F72EF228ED1B}.Home|x86.ActiveCfg = Release|Any CPU
		{53C1E626-F650-4ED5-A5A1-F72EF228ED1B}.Notebook|Any CPU.ActiveCfg = Release|Any CPU
		{53C1E626-F650-4ED5-A5A1-F72EF228ED1B}.Notebook|Any CPU.Build.0 = Release|Any CPU
		{53C1E626-F650-4ED5-A5A1-F72EF228ED1B}.Notebook|Mixed Platforms.ActiveCfg = Release|Any CPU
		{53C1E626-F650-4ED5-A5A1-F72EF228ED1B}.Notebook|Mixed Platforms.Build.0 = Release|Any CPU
		{53C1E626-F650-4ED5-A5A1-F72EF228ED1B}.Notebook|x86.ActiveCfg = Release|Any CPU
		{53C1E626-F650-4ED5-A5A1-F72EF228ED1B}.Release|Any CPU.ActiveCfg = Release|Any CPU
		{53C1E626-F650-4ED5-A5A1-F72EF228ED1B}.Release|Any CPU.Build.0 = Release|Any CPU
		{53C1E626-F650-4ED5-A5A1-F72EF228ED1B}.Release|Mixed Platforms.ActiveCfg = Release|Any CPU
		{53C1E626-F650-4ED5-A5A1-F72EF228ED1B}.Release|Mixed Platforms.Build.0 = Release|Any CPU
		{53C1E626-F650-4ED5-A5A1-F72EF228ED1B}.Release|x86.ActiveCfg = Release|Any CPU
		{022B37A8-4ABF-4EBB-96C5-169F6F86948E}.Debug|Any CPU.ActiveCfg = Debug|Any CPU
		{022B37A8-4ABF-4EBB-96C5-169F6F86948E}.Debug|Any CPU.Build.0 = Debug|Any CPU
		{022B37A8-4ABF-4EBB-96C5-169F6F86948E}.Debug|Mixed Platforms.ActiveCfg = Debug|Any CPU
		{022B37A8-4ABF-4EBB-96C5-169F6F86948E}.Debug|Mixed Platforms.Build.0 = Debug|Any CPU
		{022B37A8-4ABF-4EBB-96C5-169F6F86948E}.Debug|x86.ActiveCfg = Debug|Any CPU
		{022B37A8-4ABF-4EBB-96C5-169F6F86948E}.Gurgle|Any CPU.ActiveCfg = Release|Any CPU
		{022B37A8-4ABF-4EBB-96C5-169F6F86948E}.Gurgle|Any CPU.Build.0 = Release|Any CPU
		{022B37A8-4ABF-4EBB-96C5-169F6F86948E}.Gurgle|Mixed Platforms.ActiveCfg = Release|Any CPU
		{022B37A8-4ABF-4EBB-96C5-169F6F86948E}.Gurgle|Mixed Platforms.Build.0 = Release|Any CPU
		{022B37A8-4ABF-4EBB-96C5-169F6F86948E}.Gurgle|x86.ActiveCfg = Release|Any CPU
		{022B37A8-4ABF-4EBB-96C5-169F6F86948E}.Home|Any CPU.ActiveCfg = Release|Any CPU
		{022B37A8-4ABF-4EBB-96C5-169F6F86948E}.Home|Any CPU.Build.0 = Release|Any CPU
		{022B37A8-4ABF-4EBB-96C5-169F6F86948E}.Home|Mixed Platforms.ActiveCfg = Release|Any CPU
		{022B37A8-4ABF-4EBB-96C5-169F6F86948E}.Home|Mixed Platforms.Build.0 = Release|Any CPU
		{022B37A8-4ABF-4EBB-96C5-169F6F86948E}.Home|x86.ActiveCfg = Release|Any CPU
		{022B37A8-4ABF-4EBB-96C5-169F6F86948E}.Notebook|Any CPU.ActiveCfg = Release|Any CPU
		{022B37A8-4ABF-4EBB-96C5-169F6F86948E}.Notebook|Any CPU.Build.0 = Release|Any CPU
		{022B37A8-4ABF-4EBB-96C5-169F6F86948E}.Notebook|Mixed Platforms.ActiveCfg = Release|Any CPU
		{022B37A8-4ABF-4EBB-96C5-169F6F86948E}.Notebook|Mixed Platforms.Build.0 = Release|Any CPU
		{022B37A8-4ABF-4EBB-96C5-169F6F86948E}.Notebook|x86.ActiveCfg = Release|Any CPU
		{022B37A8-4ABF-4EBB-96C5-169F6F86948E}.Release|Any CPU.ActiveCfg = Release|Any CPU
		{022B37A8-4ABF-4EBB-96C5-169F6F86948E}.Release|Any CPU.Build.0 = Release|Any CPU
		{022B37A8-4ABF-4EBB-96C5-169F6F86948E}.Release|Mixed Platforms.ActiveCfg = Release|Any CPU
		{022B37A8-4ABF-4EBB-96C5-169F6F86948E}.Release|Mixed Platforms.Build.0 = Release|Any CPU
		{022B37A8-4ABF-4EBB-96C5-169F6F86948E}.Release|x86.ActiveCfg = Release|Any CPU
		{1FE33F61-0D74-4907-8D46-E686B2643AC8}.Debug|Any CPU.ActiveCfg = Debug|Any CPU
		{1FE33F61-0D74-4907-8D46-E686B2643AC8}.Debug|Any CPU.Build.0 = Debug|Any CPU
		{1FE33F61-0D74-4907-8D46-E686B2643AC8}.Debug|Mixed Platforms.ActiveCfg = Debug|Any CPU
		{1FE33F61-0D74-4907-8D46-E686B2643AC8}.Debug|Mixed Platforms.Build.0 = Debug|Any CPU
		{1FE33F61-0D74-4907-8D46-E686B2643AC8}.Debug|x86.ActiveCfg = Debug|Any CPU
		{1FE33F61-0D74-4907-8D46-E686B2643AC8}.Gurgle|Any CPU.ActiveCfg = Release|Any CPU
		{1FE33F61-0D74-4907-8D46-E686B2643AC8}.Gurgle|Any CPU.Build.0 = Release|Any CPU
		{1FE33F61-0D74-4907-8D46-E686B2643AC8}.Gurgle|Mixed Platforms.ActiveCfg = Release|Any CPU
		{1FE33F61-0D74-4907-8D46-E686B2643AC8}.Gurgle|Mixed Platforms.Build.0 = Release|Any CPU
		{1FE33F61-0D74-4907-8D46-E686B2643AC8}.Gurgle|x86.ActiveCfg = Release|Any CPU
		{1FE33F61-0D74-4907-8D46-E686B2643AC8}.Home|Any CPU.ActiveCfg = Release|Any CPU
		{1FE33F61-0D74-4907-8D46-E686B2643AC8}.Home|Any CPU.Build.0 = Release|Any CPU
		{1FE33F61-0D74-4907-8D46-E686B2643AC8}.Home|Mixed Platforms.ActiveCfg = Release|Any CPU
		{1FE33F61-0D74-4907-8D46-E686B2643AC8}.Home|Mixed Platforms.Build.0 = Release|Any CPU
		{1FE33F61-0D74-4907-8D46-E686B2643AC8}.Home|x86.ActiveCfg = Release|Any CPU
		{1FE33F61-0D74-4907-8D46-E686B2643AC8}.Notebook|Any CPU.ActiveCfg = Release|Any CPU
		{1FE33F61-0D74-4907-8D46-E686B2643AC8}.Notebook|Any CPU.Build.0 = Release|Any CPU
		{1FE33F61-0D74-4907-8D46-E686B2643AC8}.Notebook|Mixed Platforms.ActiveCfg = Release|Any CPU
		{1FE33F61-0D74-4907-8D46-E686B2643AC8}.Notebook|Mixed Platforms.Build.0 = Release|Any CPU
		{1FE33F61-0D74-4907-8D46-E686B2643AC8}.Notebook|x86.ActiveCfg = Release|Any CPU
		{1FE33F61-0D74-4907-8D46-E686B2643AC8}.Release|Any CPU.ActiveCfg = Release|Any CPU
		{1FE33F61-0D74-4907-8D46-E686B2643AC8}.Release|Any CPU.Build.0 = Release|Any CPU
		{1FE33F61-0D74-4907-8D46-E686B2643AC8}.Release|Mixed Platforms.ActiveCfg = Release|Any CPU
		{1FE33F61-0D74-4907-8D46-E686B2643AC8}.Release|Mixed Platforms.Build.0 = Release|Any CPU
		{1FE33F61-0D74-4907-8D46-E686B2643AC8}.Release|x86.ActiveCfg = Release|Any CPU
		{A45B98AA-5706-4721-B6B1-CC5964EAA8E9}.Debug|Any CPU.ActiveCfg = Debug|Any CPU
		{A45B98AA-5706-4721-B6B1-CC5964EAA8E9}.Debug|Any CPU.Build.0 = Debug|Any CPU
		{A45B98AA-5706-4721-B6B1-CC5964EAA8E9}.Debug|Mixed Platforms.ActiveCfg = Debug|Any CPU
		{A45B98AA-5706-4721-B6B1-CC5964EAA8E9}.Debug|Mixed Platforms.Build.0 = Debug|Any CPU
		{A45B98AA-5706-4721-B6B1-CC5964EAA8E9}.Debug|x86.ActiveCfg = Debug|Any CPU
		{A45B98AA-5706-4721-B6B1-CC5964EAA8E9}.Gurgle|Any CPU.ActiveCfg = Release|Any CPU
		{A45B98AA-5706-4721-B6B1-CC5964EAA8E9}.Gurgle|Any CPU.Build.0 = Release|Any CPU
		{A45B98AA-5706-4721-B6B1-CC5964EAA8E9}.Gurgle|Mixed Platforms.ActiveCfg = Release|Any CPU
		{A45B98AA-5706-4721-B6B1-CC5964EAA8E9}.Gurgle|Mixed Platforms.Build.0 = Release|Any CPU
		{A45B98AA-5706-4721-B6B1-CC5964EAA8E9}.Gurgle|x86.ActiveCfg = Release|Any CPU
		{A45B98AA-5706-4721-B6B1-CC5964EAA8E9}.Home|Any CPU.ActiveCfg = Release|Any CPU
		{A45B98AA-5706-4721-B6B1-CC5964EAA8E9}.Home|Any CPU.Build.0 = Release|Any CPU
		{A45B98AA-5706-4721-B6B1-CC5964EAA8E9}.Home|Mixed Platforms.ActiveCfg = Release|Any CPU
		{A45B98AA-5706-4721-B6B1-CC5964EAA8E9}.Home|Mixed Platforms.Build.0 = Release|Any CPU
		{A45B98AA-5706-4721-B6B1-CC5964EAA8E9}.Home|x86.ActiveCfg = Release|Any CPU
		{A45B98AA-5706-4721-B6B1-CC5964EAA8E9}.Notebook|Any CPU.ActiveCfg = Release|Any CPU
		{A45B98AA-5706-4721-B6B1-CC5964EAA8E9}.Notebook|Any CPU.Build.0 = Release|Any CPU
		{A45B98AA-5706-4721-B6B1-CC5964EAA8E9}.Notebook|Mixed Platforms.ActiveCfg = Release|Any CPU
		{A45B98AA-5706-4721-B6B1-CC5964EAA8E9}.Notebook|Mixed Platforms.Build.0 = Release|Any CPU
		{A45B98AA-5706-4721-B6B1-CC5964EAA8E9}.Notebook|x86.ActiveCfg = Release|Any CPU
		{A45B98AA-5706-4721-B6B1-CC5964EAA8E9}.Release|Any CPU.ActiveCfg = Release|Any CPU
		{A45B98AA-5706-4721-B6B1-CC5964EAA8E9}.Release|Any CPU.Build.0 = Release|Any CPU
		{A45B98AA-5706-4721-B6B1-CC5964EAA8E9}.Release|Mixed Platforms.ActiveCfg = Release|Any CPU
		{A45B98AA-5706-4721-B6B1-CC5964EAA8E9}.Release|Mixed Platforms.Build.0 = Release|Any CPU
		{A45B98AA-5706-4721-B6B1-CC5964EAA8E9}.Release|x86.ActiveCfg = Release|Any CPU
		{47C39BDE-3E1A-40BB-B0FC-441DB73BDB03}.Debug|Any CPU.ActiveCfg = Debug|Any CPU
		{47C39BDE-3E1A-40BB-B0FC-441DB73BDB03}.Debug|Any CPU.Build.0 = Debug|Any CPU
		{47C39BDE-3E1A-40BB-B0FC-441DB73BDB03}.Debug|Mixed Platforms.ActiveCfg = Debug|Any CPU
		{47C39BDE-3E1A-40BB-B0FC-441DB73BDB03}.Debug|Mixed Platforms.Build.0 = Debug|Any CPU
		{47C39BDE-3E1A-40BB-B0FC-441DB73BDB03}.Debug|x86.ActiveCfg = Debug|Any CPU
		{47C39BDE-3E1A-40BB-B0FC-441DB73BDB03}.Gurgle|Any CPU.ActiveCfg = Release|Any CPU
		{47C39BDE-3E1A-40BB-B0FC-441DB73BDB03}.Gurgle|Any CPU.Build.0 = Release|Any CPU
		{47C39BDE-3E1A-40BB-B0FC-441DB73BDB03}.Gurgle|Mixed Platforms.ActiveCfg = Release|Any CPU
		{47C39BDE-3E1A-40BB-B0FC-441DB73BDB03}.Gurgle|Mixed Platforms.Build.0 = Release|Any CPU
		{47C39BDE-3E1A-40BB-B0FC-441DB73BDB03}.Gurgle|x86.ActiveCfg = Release|Any CPU
		{47C39BDE-3E1A-40BB-B0FC-441DB73BDB03}.Home|Any CPU.ActiveCfg = Release|Any CPU
		{47C39BDE-3E1A-40BB-B0FC-441DB73BDB03}.Home|Any CPU.Build.0 = Release|Any CPU
		{47C39BDE-3E1A-40BB-B0FC-441DB73BDB03}.Home|Mixed Platforms.ActiveCfg = Release|Any CPU
		{47C39BDE-3E1A-40BB-B0FC-441DB73BDB03}.Home|Mixed Platforms.Build.0 = Release|Any CPU
		{47C39BDE-3E1A-40BB-B0FC-441DB73BDB03}.Home|x86.ActiveCfg = Release|Any CPU
		{47C39BDE-3E1A-40BB-B0FC-441DB73BDB03}.Notebook|Any CPU.ActiveCfg = Release|Any CPU
		{47C39BDE-3E1A-40BB-B0FC-441DB73BDB03}.Notebook|Any CPU.Build.0 = Release|Any CPU
		{47C39BDE-3E1A-40BB-B0FC-441DB73BDB03}.Notebook|Mixed Platforms.ActiveCfg = Release|Any CPU
		{47C39BDE-3E1A-40BB-B0FC-441DB73BDB03}.Notebook|Mixed Platforms.Build.0 = Release|Any CPU
		{47C39BDE-3E1A-40BB-B0FC-441DB73BDB03}.Notebook|x86.ActiveCfg = Release|Any CPU
		{47C39BDE-3E1A-40BB-B0FC-441DB73BDB03}.Release|Any CPU.ActiveCfg = Release|Any CPU
		{47C39BDE-3E1A-40BB-B0FC-441DB73BDB03}.Release|Any CPU.Build.0 = Release|Any CPU
		{47C39BDE-3E1A-40BB-B0FC-441DB73BDB03}.Release|Mixed Platforms.ActiveCfg = Release|Any CPU
		{47C39BDE-3E1A-40BB-B0FC-441DB73BDB03}.Release|Mixed Platforms.Build.0 = Release|Any CPU
		{47C39BDE-3E1A-40BB-B0FC-441DB73BDB03}.Release|x86.ActiveCfg = Release|Any CPU
		{DA42C3ED-D2F3-4D52-8E09-DE6D7EA85FF3}.Debug|Any CPU.ActiveCfg = Debug|Any CPU
		{DA42C3ED-D2F3-4D52-8E09-DE6D7EA85FF3}.Debug|Any CPU.Build.0 = Debug|Any CPU
		{DA42C3ED-D2F3-4D52-8E09-DE6D7EA85FF3}.Debug|Mixed Platforms.ActiveCfg = Debug|Any CPU
		{DA42C3ED-D2F3-4D52-8E09-DE6D7EA85FF3}.Debug|Mixed Platforms.Build.0 = Debug|Any CPU
		{DA42C3ED-D2F3-4D52-8E09-DE6D7EA85FF3}.Debug|x86.ActiveCfg = Debug|Any CPU
		{DA42C3ED-D2F3-4D52-8E09-DE6D7EA85FF3}.Gurgle|Any CPU.ActiveCfg = Release|Any CPU
		{DA42C3ED-D2F3-4D52-8E09-DE6D7EA85FF3}.Gurgle|Any CPU.Build.0 = Release|Any CPU
		{DA42C3ED-D2F3-4D52-8E09-DE6D7EA85FF3}.Gurgle|Mixed Platforms.ActiveCfg = Release|Any CPU
		{DA42C3ED-D2F3-4D52-8E09-DE6D7EA85FF3}.Gurgle|Mixed Platforms.Build.0 = Release|Any CPU
		{DA42C3ED-D2F3-4D52-8E09-DE6D7EA85FF3}.Gurgle|x86.ActiveCfg = Release|Any CPU
		{DA42C3ED-D2F3-4D52-8E09-DE6D7EA85FF3}.Home|Any CPU.ActiveCfg = Release|Any CPU
		{DA42C3ED-D2F3-4D52-8E09-DE6D7EA85FF3}.Home|Any CPU.Build.0 = Release|Any CPU
		{DA42C3ED-D2F3-4D52-8E09-DE6D7EA85FF3}.Home|Mixed Platforms.ActiveCfg = Release|Any CPU
		{DA42C3ED-D2F3-4D52-8E09-DE6D7EA85FF3}.Home|Mixed Platforms.Build.0 = Release|Any CPU
		{DA42C3ED-D2F3-4D52-8E09-DE6D7EA85FF3}.Home|x86.ActiveCfg = Release|Any CPU
		{DA42C3ED-D2F3-4D52-8E09-DE6D7EA85FF3}.Notebook|Any CPU.ActiveCfg = Release|Any CPU
		{DA42C3ED-D2F3-4D52-8E09-DE6D7EA85FF3}.Notebook|Any CPU.Build.0 = Release|Any CPU
		{DA42C3ED-D2F3-4D52-8E09-DE6D7EA85FF3}.Notebook|Mixed Platforms.ActiveCfg = Release|Any CPU
		{DA42C3ED-D2F3-4D52-8E09-DE6D7EA85FF3}.Notebook|Mixed Platforms.Build.0 = Release|Any CPU
		{DA42C3ED-D2F3-4D52-8E09-DE6D7EA85FF3}.Notebook|x86.ActiveCfg = Release|Any CPU
		{DA42C3ED-D2F3-4D52-8E09-DE6D7EA85FF3}.Release|Any CPU.ActiveCfg = Release|Any CPU
		{DA42C3ED-D2F3-4D52-8E09-DE6D7EA85FF3}.Release|Any CPU.Build.0 = Release|Any CPU
		{DA42C3ED-D2F3-4D52-8E09-DE6D7EA85FF3}.Release|Mixed Platforms.ActiveCfg = Release|Any CPU
		{DA42C3ED-D2F3-4D52-8E09-DE6D7EA85FF3}.Release|Mixed Platforms.Build.0 = Release|Any CPU
		{DA42C3ED-D2F3-4D52-8E09-DE6D7EA85FF3}.Release|x86.ActiveCfg = Release|Any CPU
		{53EEE9EA-656A-4611-9258-31927A48E180}.Debug|Any CPU.ActiveCfg = Debug|x86
		{53EEE9EA-656A-4611-9258-31927A48E180}.Debug|Mixed Platforms.ActiveCfg = Debug|x86
		{53EEE9EA-656A-4611-9258-31927A48E180}.Debug|Mixed Platforms.Build.0 = Debug|x86
		{53EEE9EA-656A-4611-9258-31927A48E180}.Debug|x86.ActiveCfg = Debug|x86
		{53EEE9EA-656A-4611-9258-31927A48E180}.Debug|x86.Build.0 = Debug|x86
		{53EEE9EA-656A-4611-9258-31927A48E180}.Gurgle|Any CPU.ActiveCfg = Release|x86
		{53EEE9EA-656A-4611-9258-31927A48E180}.Gurgle|Mixed Platforms.ActiveCfg = Release|x86
		{53EEE9EA-656A-4611-9258-31927A48E180}.Gurgle|Mixed Platforms.Build.0 = Release|x86
		{53EEE9EA-656A-4611-9258-31927A48E180}.Gurgle|x86.ActiveCfg = Release|x86
		{53EEE9EA-656A-4611-9258-31927A48E180}.Gurgle|x86.Build.0 = Release|x86
		{53EEE9EA-656A-4611-9258-31927A48E180}.Home|Any CPU.ActiveCfg = Release|x86
		{53EEE9EA-656A-4611-9258-31927A48E180}.Home|Mixed Platforms.ActiveCfg = Release|x86
		{53EEE9EA-656A-4611-9258-31927A48E180}.Home|Mixed Platforms.Build.0 = Release|x86
		{53EEE9EA-656A-4611-9258-31927A48E180}.Home|x86.ActiveCfg = Release|x86
		{53EEE9EA-656A-4611-9258-31927A48E180}.Home|x86.Build.0 = Release|x86
		{53EEE9EA-656A-4611-9258-31927A48E180}.Notebook|Any CPU.ActiveCfg = Release|x86
		{53EEE9EA-656A-4611-9258-31927A48E180}.Notebook|Mixed Platforms.ActiveCfg = Release|x86
		{53EEE9EA-656A-4611-9258-31927A48E180}.Notebook|Mixed Platforms.Build.0 = Release|x86
		{53EEE9EA-656A-4611-9258-31927A48E180}.Notebook|x86.ActiveCfg = Release|x86
		{53EEE9EA-656A-4611-9258-31927A48E180}.Notebook|x86.Build.0 = Release|x86
		{53EEE9EA-656A-4611-9258-31927A48E180}.Release|Any CPU.ActiveCfg = Release|x86
		{53EEE9EA-656A-4611-9258-31927A48E180}.Release|Mixed Platforms.ActiveCfg = Release|x86
		{53EEE9EA-656A-4611-9258-31927A48E180}.Release|Mixed Platforms.Build.0 = Release|x86
		{53EEE9EA-656A-4611-9258-31927A48E180}.Release|x86.ActiveCfg = Release|x86
		{53EEE9EA-656A-4611-9258-31927A48E180}.Release|x86.Build.0 = Release|x86
		{556A23FF-FB35-4FCE-9CFC-DB621F38FAA1}.Debug|Any CPU.ActiveCfg = Debug|Any CPU
		{556A23FF-FB35-4FCE-9CFC-DB621F38FAA1}.Debug|Any CPU.Build.0 = Debug|Any CPU
		{556A23FF-FB35-4FCE-9CFC-DB621F38FAA1}.Debug|Mixed Platforms.ActiveCfg = Debug|Any CPU
		{556A23FF-FB35-4FCE-9CFC-DB621F38FAA1}.Debug|Mixed Platforms.Build.0 = Debug|Any CPU
		{556A23FF-FB35-4FCE-9CFC-DB621F38FAA1}.Debug|x86.ActiveCfg = Debug|Any CPU
		{556A23FF-FB35-4FCE-9CFC-DB621F38FAA1}.Gurgle|Any CPU.ActiveCfg = Gurgle|Any CPU
		{556A23FF-FB35-4FCE-9CFC-DB621F38FAA1}.Gurgle|Any CPU.Build.0 = Gurgle|Any CPU
		{556A23FF-FB35-4FCE-9CFC-DB621F38FAA1}.Gurgle|Mixed Platforms.ActiveCfg = Gurgle|Any CPU
		{556A23FF-FB35-4FCE-9CFC-DB621F38FAA1}.Gurgle|Mixed Platforms.Build.0 = Gurgle|Any CPU
		{556A23FF-FB35-4FCE-9CFC-DB621F38FAA1}.Gurgle|x86.ActiveCfg = Gurgle|Any CPU
		{556A23FF-FB35-4FCE-9CFC-DB621F38FAA1}.Home|Any CPU.ActiveCfg = Home|Any CPU
		{556A23FF-FB35-4FCE-9CFC-DB621F38FAA1}.Home|Any CPU.Build.0 = Home|Any CPU
		{556A23FF-FB35-4FCE-9CFC-DB621F38FAA1}.Home|Mixed Platforms.ActiveCfg = Home|Any CPU
		{556A23FF-FB35-4FCE-9CFC-DB621F38FAA1}.Home|Mixed Platforms.Build.0 = Home|Any CPU
		{556A23FF-FB35-4FCE-9CFC-DB621F38FAA1}.Home|x86.ActiveCfg = Home|Any CPU
		{556A23FF-FB35-4FCE-9CFC-DB621F38FAA1}.Notebook|Any CPU.ActiveCfg = Notebook|Any CPU
		{556A23FF-FB35-4FCE-9CFC-DB621F38FAA1}.Notebook|Any CPU.Build.0 = Notebook|Any CPU
		{556A23FF-FB35-4FCE-9CFC-DB621F38FAA1}.Notebook|Mixed Platforms.ActiveCfg = Notebook|Any CPU
		{556A23FF-FB35-4FCE-9CFC-DB621F38FAA1}.Notebook|Mixed Platforms.Build.0 = Notebook|Any CPU
		{556A23FF-FB35-4FCE-9CFC-DB621F38FAA1}.Notebook|x86.ActiveCfg = Notebook|Any CPU
		{556A23FF-FB35-4FCE-9CFC-DB621F38FAA1}.Release|Any CPU.ActiveCfg = Release|Any CPU
		{556A23FF-FB35-4FCE-9CFC-DB621F38FAA1}.Release|Any CPU.Build.0 = Release|Any CPU
		{556A23FF-FB35-4FCE-9CFC-DB621F38FAA1}.Release|Mixed Platforms.ActiveCfg = Release|Any CPU
		{556A23FF-FB35-4FCE-9CFC-DB621F38FAA1}.Release|Mixed Platforms.Build.0 = Release|Any CPU
		{556A23FF-FB35-4FCE-9CFC-DB621F38FAA1}.Release|x86.ActiveCfg = Release|Any CPU
	EndGlobalSection
	GlobalSection(SolutionProperties) = preSolution
		HideSolutionNode = FALSE
	EndGlobalSection
EndGlobal
